
Microsoft Visual Studio Solution File, Format Version 12.00
Project("{2150E333-8FDC-42A3-9474-1A3956D46DE8}") = "Core", "Core", "{EEE86043-8365-444B-B1E0-8B01EB7F87D2}"
EndProject
Project("{2150E333-8FDC-42A3-9474-1A3956D46DE8}") = "Frontend", "Frontend", "{CAFA59EA-DCAB-4845-9472-004ECFF493AF}"
EndProject
Project("{2150E333-8FDC-42A3-9474-1A3956D46DE8}") = "Infrastructure", "Infrastructure", "{D481E4E0-6802-413D-A984-559E8106F549}"
EndProject
Project("{2150E333-8FDC-42A3-9474-1A3956D46DE8}") = "Presentaion", "Presentaion", "{80BCA21B-A1A2-471E-92F0-B30608450970}"
EndProject
Project("{2150E333-8FDC-42A3-9474-1A3956D46DE8}") = "Requirements", "Requirements", "{7BF7BC9B-D805-47D0-9F42-84A215598CB9}"
EndProject
Project("{FAE04EC0-301F-11D3-BF4B-00C04F79EFBC}") = "MovieApp.Domain", "Core\MovieApp.Domain\MovieApp.Domain.csproj", "{0C4B40A0-E6C6-4A2A-A234-DD6D4F038732}"
EndProject
Project("{FAE04EC0-301F-11D3-BF4B-00C04F79EFBC}") = "MovieApp.Persistence", "Infrastructure\MovieApp.Persistence\MovieApp.Persistence.csproj", "{AC322C68-335A-4725-8A87-5DA6B4E5DEF0}"
EndProject
Project("{FAE04EC0-301F-11D3-BF4B-00C04F79EFBC}") = "MovieApp.API", "Presentaion\MovieApp.API\MovieApp.API.csproj", "{BDAC9E68-C16B-484A-93F8-7C88ED357582}"
EndProject
Project("{FAE04EC0-301F-11D3-BF4B-00C04F79EFBC}") = "MovieApp.Application", "Core\MovieApp.Application\MovieApp.Application.csproj", "{3F1144D4-7A19-48AC-ADD9-89D96CA2DC24}"
EndProject
Global
	GlobalSection(SolutionConfigurationPlatforms) = preSolution
		Debug|Any CPU = Debug|Any CPU
		Release|Any CPU = Release|Any CPU
	EndGlobalSection
	GlobalSection(NestedProjects) = preSolution
		{0C4B40A0-E6C6-4A2A-A234-DD6D4F038732} = {EEE86043-8365-444B-B1E0-8B01EB7F87D2}
		{AC322C68-335A-4725-8A87-5DA6B4E5DEF0} = {D481E4E0-6802-413D-A984-559E8106F549}
		{BDAC9E68-C16B-484A-93F8-7C88ED357582} = {80BCA21B-A1A2-471E-92F0-B30608450970}
		{3F1144D4-7A19-48AC-ADD9-89D96CA2DC24} = {EEE86043-8365-444B-B1E0-8B01EB7F87D2}
	EndGlobalSection
	GlobalSection(ProjectConfigurationPlatforms) = postSolution
		{0C4B40A0-E6C6-4A2A-A234-DD6D4F038732}.Debug|Any CPU.ActiveCfg = Debug|Any CPU
		{0C4B40A0-E6C6-4A2A-A234-DD6D4F038732}.Debug|Any CPU.Build.0 = Debug|Any CPU
		{0C4B40A0-E6C6-4A2A-A234-DD6D4F038732}.Release|Any CPU.ActiveCfg = Release|Any CPU
		{0C4B40A0-E6C6-4A2A-A234-DD6D4F038732}.Release|Any CPU.Build.0 = Release|Any CPU
		{AC322C68-335A-4725-8A87-5DA6B4E5DEF0}.Debug|Any CPU.ActiveCfg = Debug|Any CPU
		{AC322C68-335A-4725-8A87-5DA6B4E5DEF0}.Debug|Any CPU.Build.0 = Debug|Any CPU
		{AC322C68-335A-4725-8A87-5DA6B4E5DEF0}.Release|Any CPU.ActiveCfg = Release|Any CPU
		{AC322C68-335A-4725-8A87-5DA6B4E5DEF0}.Release|Any CPU.Build.0 = Release|Any CPU
		{BDAC9E68-C16B-484A-93F8-7C88ED357582}.Debug|Any CPU.ActiveCfg = Debug|Any CPU
		{BDAC9E68-C16B-484A-93F8-7C88ED357582}.Debug|Any CPU.Build.0 = Debug|Any CPU
		{BDAC9E68-C16B-484A-93F8-7C88ED357582}.Release|Any CPU.ActiveCfg = Release|Any CPU
		{BDAC9E68-C16B-484A-93F8-7C88ED357582}.Release|Any CPU.Build.0 = Release|Any CPU
		{3F1144D4-7A19-48AC-ADD9-89D96CA2DC24}.Debug|Any CPU.ActiveCfg = Debug|Any CPU
		{3F1144D4-7A19-48AC-ADD9-89D96CA2DC24}.Debug|Any CPU.Build.0 = Debug|Any CPU
		{3F1144D4-7A19-48AC-ADD9-89D96CA2DC24}.Release|Any CPU.ActiveCfg = Release|Any CPU
		{3F1144D4-7A19-48AC-ADD9-89D96CA2DC24}.Release|Any CPU.Build.0 = Release|Any CPU
	EndGlobalSection
EndGlobal
